<?xml version="1.0" encoding="utf-8"?>
<Project ToolsVersion="4.0" xmlns="http://schemas.microsoft.com/developer/msbuild/2003">
  <ItemGroup>
    <Xml Include="snapin.xml" />
  </ItemGroup>
  <ItemGroup>
    <Filter Include="Game">
      <UniqueIdentifier>{121e1252-a9a2-4a51-b0cd-278b47b65065}</UniqueIdentifier>
    </Filter>
  </ItemGroup>
  <ItemGroup>
    <ClCompile Include="SnowChunk.cpp">
      <Filter>Game</Filter>
    </ClCompile>
    <ClCompile Include="TestComponent.cpp">
      <Filter>Game</Filter>
    </ClCompile>
    <ClCompile Include="main.cpp">
      <Filter>Game</Filter>
    </ClCompile>
  </ItemGroup>
  <ItemGroup>
    <ClInclude Include="SnowChunk.h">
      <Filter>Game</Filter>
    </ClInclude>
    <ClInclude Include="TestComponent.h">
      <Filter>Game</Filter>
    </ClInclude>
  </ItemGroup>
</Project>