<?xml version="1.0" encoding="utf-8"?>
<Project ToolsVersion="4.0" xmlns="http://schemas.microsoft.com/developer/msbuild/2003">
  <ItemGroup>
    <Filter Include="Export">
      <UniqueIdentifier>{12473e42-1cf1-425f-9219-2c7c5d1c4f84}</UniqueIdentifier>
    </Filter>
    <Filter Include="Engine">
      <UniqueIdentifier>{0c4fb68c-08d8-40df-81fc-689a0ad9f76a}</UniqueIdentifier>
    </Filter>
    <Filter Include="Geometry">
      <UniqueIdentifier>{06995b87-5214-4538-9657-9679c08d85db}</UniqueIdentifier>
    </Filter>
    <Filter Include="OpenGL">
      <UniqueIdentifier>{4c41ca37-f459-46a7-baab-b569e6b49680}</UniqueIdentifier>
    </Filter>
    <Filter Include="Rendering">
      <UniqueIdentifier>{a90febac-df4f-487b-a0de-d9f014477325}</UniqueIdentifier>
    </Filter>
    <Filter Include="Shaders">
      <UniqueIdentifier>{60417083-70d4-47fb-b2cc-2e7434fa00a6}</UniqueIdentifier>
    </Filter>
    <Filter Include="Tools">
      <UniqueIdentifier>{a74d0c81-9d58-480c-867f-7d659005b831}</UniqueIdentifier>
    </Filter>
    <Filter Include="Assets">
      <UniqueIdentifier>{03dc5302-7384-4cf9-af98-46b302ff22e4}</UniqueIdentifier>
    </Filter>
    <Filter Include="Components">
      <UniqueIdentifier>{ed287b85-fe9a-4404-9c73-2295da66db06}</UniqueIdentifier>
    </Filter>
    <Filter Include="ECS">
      <UniqueIdentifier>{dd65374c-fbd6-4333-85ff-fd9b6f7f649a}</UniqueIdentifier>
    </Filter>
    <Filter Include="Input">
      <UniqueIdentifier>{60e69575-e222-4cdf-8c86-82a210d68992}</UniqueIdentifier>
    </Filter>
    <Filter Include="UI">
      <UniqueIdentifier>{ad54fcb8-52de-40f2-bc70-aadd75dbd05c}</UniqueIdentifier>
    </Filter>
    <Filter Include="UI\Components">
      <UniqueIdentifier>{0c1094cb-294b-4889-996e-6c0cc0468163}</UniqueIdentifier>
    </Filter>
    <Filter Include="Components\Camera">
      <UniqueIdentifier>{fa792155-e2ed-4415-a714-e447b16c0053}</UniqueIdentifier>
    </Filter>
    <Filter Include="Components\Lighting">
      <UniqueIdentifier>{90a512dc-a4c3-4c36-8808-4f8354fd1852}</UniqueIdentifier>
    </Filter>
    <Filter Include="Components\Mesh">
      <UniqueIdentifier>{3544cd3a-3950-4407-a9fc-ab669ea5ec5b}</UniqueIdentifier>
    </Filter>
    <Filter Include="Components\Multipurpose">
      <UniqueIdentifier>{80c8a613-1f0b-42a7-9639-2158a5f3bcf1}</UniqueIdentifier>
    </Filter>
    <Filter Include="Components\Physics">
      <UniqueIdentifier>{c1d1e8e7-a0bd-4468-ba48-bec733f5fe60}</UniqueIdentifier>
    </Filter>
    <Filter Include="Components\Terrain">
      <UniqueIdentifier>{52dcae0c-4d24-4513-bfda-893b179e7e8e}</UniqueIdentifier>
    </Filter>
    <Filter Include="Shaders\Post">
      <UniqueIdentifier>{93ef0fdf-3dc5-412c-a590-a3c49eb8d112}</UniqueIdentifier>
    </Filter>
    <Filter Include="Shaders\Deferred">
      <UniqueIdentifier>{f00f04a5-7df6-4f93-a0dc-5d8d23abdd5e}</UniqueIdentifier>
    </Filter>
    <Filter Include="Shaders\Lighting">
      <UniqueIdentifier>{cb7b4b80-5c20-4daa-9572-9169e6526f35}</UniqueIdentifier>
    </Filter>
    <Filter Include="Shaders\Basic">
      <UniqueIdentifier>{1bb65b03-5cf1-442b-a3a9-192dd1e161c1}</UniqueIdentifier>
    </Filter>
    <Filter Include="Shaders\Parent">
      <UniqueIdentifier>{0e0fd098-9060-4f1a-93af-576b750a1088}</UniqueIdentifier>
    </Filter>
    <Filter Include="Shaders\UI">
      <UniqueIdentifier>{fadb15de-3231-4c72-9c07-31c10e3d7c52}</UniqueIdentifier>
    </Filter>
  </ItemGroup>
  <ItemGroup>
    <ClCompile Include="dllmain.cpp">
      <Filter>Export</Filter>
    </ClCompile>
    <ClCompile Include="AssetManager.cpp">
      <Filter>Assets</Filter>
    </ClCompile>
    <ClCompile Include="BoundingBox.cpp">
      <Filter>Geometry</Filter>
    </ClCompile>
    <ClCompile Include="Buffer.cpp">
      <Filter>OpenGL</Filter>
    </ClCompile>
    <ClCompile Include="CommandBuffer.cpp">
      <Filter>OpenGL</Filter>
    </ClCompile>
    <ClCompile Include="Component.cpp">
      <Filter>ECS</Filter>
    </ClCompile>
    <ClCompile Include="Entity.cpp">
      <Filter>ECS</Filter>
    </ClCompile>
    <ClCompile Include="Event.cpp">
      <Filter>ECS</Filter>
    </ClCompile>
    <ClCompile Include="Framebuffer.cpp">
      <Filter>OpenGL</Filter>
    </ClCompile>
    <ClCompile Include="Frustum.cpp">
      <Filter>Geometry</Filter>
    </ClCompile>
    <ClCompile Include="LinearAllocator.cpp">
      <Filter>Tools</Filter>
    </ClCompile>
    <ClCompile Include="LocalAssetStream.cpp">
      <Filter>Assets</Filter>
    </ClCompile>
    <ClCompile Include="MaterialAsset.cpp">
      <Filter>Assets</Filter>
    </ClCompile>
    <ClCompile Include="Mesh.cpp">
      <Filter>Rendering</Filter>
    </ClCompile>
    <ClCompile Include="MeshAsset.cpp">
      <Filter>Assets</Filter>
    </ClCompile>
    <ClCompile Include="MeshManager.cpp">
      <Filter>Rendering</Filter>
    </ClCompile>
    <ClCompile Include="OcclusionQuery.cpp">
      <Filter>OpenGL</Filter>
    </ClCompile>
    <ClCompile Include="Pipeline.cpp">
      <Filter>OpenGL</Filter>
    </ClCompile>
    <ClCompile Include="Prototype.cpp">
      <Filter>ECS</Filter>
    </ClCompile>
    <ClCompile Include="Sampler.cpp">
      <Filter>OpenGL</Filter>
    </ClCompile>
    <ClCompile Include="Scene.cpp">
      <Filter>ECS</Filter>
    </ClCompile>
    <ClCompile Include="Shader.cpp">
      <Filter>OpenGL</Filter>
    </ClCompile>
    <ClCompile Include="ShaderAsset.cpp">
      <Filter>Assets</Filter>
    </ClCompile>
    <ClCompile Include="ShaderConstants.cpp">
      <Filter>OpenGL</Filter>
    </ClCompile>
    <ClCompile Include="ShaderDescriptor.cpp">
      <Filter>OpenGL</Filter>
    </ClCompile>
    <ClCompile Include="ShaderPreprocessor.cpp">
      <Filter>Tools</Filter>
    </ClCompile>
    <ClCompile Include="Snowfall.cpp">
      <Filter>Engine</Filter>
    </ClCompile>
    <ClCompile Include="VertexArray.cpp">
      <Filter>OpenGL</Filter>
    </ClCompile>
    <ClCompile Include="TextureAsset.cpp">
      <Filter>Assets</Filter>
    </ClCompile>
    <ClCompile Include="Texture.cpp">
      <Filter>OpenGL</Filter>
    </ClCompile>
    <ClCompile Include="System.cpp">
      <Filter>ECS</Filter>
    </ClCompile>
    <ClCompile Include="RenderTargetAsset.cpp">
      <Filter>Assets</Filter>
    </ClCompile>
    <ClCompile Include="InputManager.cpp">
      <Filter>Input</Filter>
    </ClCompile>
    <ClCompile Include="TextRenderer.cpp">
      <Filter>Rendering</Filter>
    </ClCompile>
    <ClCompile Include="FontAsset.cpp">
      <Filter>Assets</Filter>
    </ClCompile>
    <ClCompile Include="UserAsset.cpp">
      <Filter>Assets</Filter>
    </ClCompile>
    <ClCompile Include="UUID.cpp">
      <Filter>Engine</Filter>
    </ClCompile>
    <ClCompile Include="UIRenderer.cpp">
      <Filter>UI</Filter>
    </ClCompile>
    <ClCompile Include="stdafx.cpp">
      <Filter>Export</Filter>
    </ClCompile>
    <ClCompile Include="UIComponent.cpp">
      <Filter>UI</Filter>
    </ClCompile>
    <ClCompile Include="UIContext.cpp">
      <Filter>UI</Filter>
    </ClCompile>
    <ClCompile Include="UITextBox.cpp">
      <Filter>UI\Components</Filter>
    </ClCompile>
    <ClCompile Include="UIButton.cpp">
      <Filter>UI\Components</Filter>
    </ClCompile>
    <ClCompile Include="UIPanel.cpp">
      <Filter>UI\Components</Filter>
    </ClCompile>
    <ClCompile Include="UIListBox.cpp">
      <Filter>UI\Components</Filter>
    </ClCompile>
    <ClCompile Include="UIScrollBar.cpp">
      <Filter>UI\Components</Filter>
    </ClCompile>
    <ClCompile Include="Quad.cpp">
      <Filter>Geometry</Filter>
    </ClCompile>
    <ClCompile Include="UIComboBox.cpp">
      <Filter>UI\Components</Filter>
    </ClCompile>
    <ClCompile Include="UICheckBox.cpp">
      <Filter>UI\Components</Filter>
    </ClCompile>
    <ClCompile Include="UITextureBox.cpp">
      <Filter>UI\Components</Filter>
    </ClCompile>
    <ClCompile Include="UITabControl.cpp">
      <Filter>UI\Components</Filter>
    </ClCompile>
    <ClCompile Include="UITreeView.cpp">
      <Filter>UI\Components</Filter>
    </ClCompile>
    <ClCompile Include="UILabel.cpp">
      <Filter>UI\Components</Filter>
    </ClCompile>
    <ClCompile Include="UIViewport.cpp">
      <Filter>UI\Components</Filter>
    </ClCompile>
    <ClCompile Include="CameraComponent.cpp">
      <Filter>Components\Camera</Filter>
    </ClCompile>
    <ClCompile Include="CameraUIRenderSystem.cpp">
      <Filter>Components\Camera</Filter>
    </ClCompile>
    <ClCompile Include="CameraViewportRenderSystem.cpp">
      <Filter>Components\Camera</Filter>
    </ClCompile>
    <ClCompile Include="LightComponent.cpp">
      <Filter>Components\Lighting</Filter>
    </ClCompile>
    <ClCompile Include="ShadowMapRenderSystem.cpp">
      <Filter>Components\Lighting</Filter>
    </ClCompile>
    <ClCompile Include="MeshComponent.cpp">
      <Filter>Components\Mesh</Filter>
    </ClCompile>
    <ClCompile Include="TransformComponent.cpp">
      <Filter>Components\Multipurpose</Filter>
    </ClCompile>
    <ClCompile Include="PostProcessRenderSystem.cpp">
      <Filter>Components\Camera</Filter>
    </ClCompile>
    <ClCompile Include="SkyboxComponent.cpp">
      <Filter>Components\Camera</Filter>
    </ClCompile>
    <ClCompile Include="PhysicsWorldSystem.cpp">
      <Filter>Components\Physics</Filter>
    </ClCompile>
    <ClCompile Include="PhysicsRigidBodySystem.cpp">
      <Filter>Components\Physics</Filter>
    </ClCompile>
    <ClCompile Include="PhysicsConstraintSystem.cpp">
      <Filter>Components\Physics</Filter>
    </ClCompile>
    <ClCompile Include="TerrainAsset.cpp">
      <Filter>Assets</Filter>
    </ClCompile>
    <ClCompile Include="MemoryAssetStream.cpp">
      <Filter>Assets</Filter>
    </ClCompile>
    <ClCompile Include="ResourceStreamingSystem.cpp">
      <Filter>Components\Terrain</Filter>
    </ClCompile>
    <ClCompile Include="TerrainStreamingSystem.cpp">
      <Filter>Components\Terrain</Filter>
    </ClCompile>
    <ClCompile Include="TextureStreamer.cpp">
      <Filter>Tools</Filter>
    </ClCompile>
    <ClCompile Include="WorkerManager.cpp">
      <Filter>Tools</Filter>
    </ClCompile>
  </ItemGroup>
  <ItemGroup>
    <ClInclude Include="export.h">
      <Filter>Export</Filter>
    </ClInclude>
    <ClInclude Include="AssetManager.h">
      <Filter>Assets</Filter>
    </ClInclude>
    <ClInclude Include="BoundingBox.h">
      <Filter>Geometry</Filter>
    </ClInclude>
    <ClInclude Include="Buffer.h">
      <Filter>OpenGL</Filter>
    </ClInclude>
    <ClInclude Include="CommandBuffer.h">
      <Filter>OpenGL</Filter>
    </ClInclude>
    <ClInclude Include="ECS.h">
      <Filter>ECS</Filter>
    </ClInclude>
    <ClInclude Include="Framebuffer.h">
      <Filter>OpenGL</Filter>
    </ClInclude>
    <ClInclude Include="Frustum.h">
      <Filter>Geometry</Filter>
    </ClInclude>
    <ClInclude Include="GLResource.h">
      <Filter>OpenGL</Filter>
    </ClInclude>
    <ClInclude Include="LinearAllocator.h">
      <Filter>Tools</Filter>
    </ClInclude>
    <ClInclude Include="LocalAssetStream.h">
      <Filter>Assets</Filter>
    </ClInclude>
    <ClInclude Include="Material.h">
      <Filter>Rendering</Filter>
    </ClInclude>
    <ClInclude Include="MaterialAsset.h">
      <Filter>Assets</Filter>
    </ClInclude>
    <ClInclude Include="Mesh.h">
      <Filter>Rendering</Filter>
    </ClInclude>
    <ClInclude Include="MeshAsset.h">
      <Filter>Assets</Filter>
    </ClInclude>
    <ClInclude Include="MeshManager.h">
      <Filter>Rendering</Filter>
    </ClInclude>
    <ClInclude Include="NullStreamSource.h">
      <Filter>Assets</Filter>
    </ClInclude>
    <ClInclude Include="OcclusionQuery.h">
      <Filter>OpenGL</Filter>
    </ClInclude>
    <ClInclude Include="Pipeline.h">
      <Filter>OpenGL</Filter>
    </ClInclude>
    <ClInclude Include="Quad.h">
      <Filter>Geometry</Filter>
    </ClInclude>
    <ClInclude Include="Sampler.h">
      <Filter>OpenGL</Filter>
    </ClInclude>
    <ClInclude Include="Scene.h">
      <Filter>ECS</Filter>
    </ClInclude>
    <ClInclude Include="Shader.h">
      <Filter>OpenGL</Filter>
    </ClInclude>
    <ClInclude Include="ShaderAsset.h">
      <Filter>Assets</Filter>
    </ClInclude>
    <ClInclude Include="ShaderConstants.h">
      <Filter>OpenGL</Filter>
    </ClInclude>
    <ClInclude Include="ShaderDescriptor.h">
      <Filter>OpenGL</Filter>
    </ClInclude>
    <ClInclude Include="ShaderPreprocessor.h">
      <Filter>Tools</Filter>
    </ClInclude>
    <ClInclude Include="Snowfall.h">
      <Filter>Engine</Filter>
    </ClInclude>
    <ClInclude Include="VertexArray.h">
      <Filter>OpenGL</Filter>
    </ClInclude>
    <ClInclude Include="TextureAsset.h">
      <Filter>Assets</Filter>
    </ClInclude>
    <ClInclude Include="SubmitBuffer.h">
      <Filter>Tools</Filter>
    </ClInclude>
    <ClInclude Include="Texture.h">
      <Filter>OpenGL</Filter>
    </ClInclude>
    <ClInclude Include="RenderTargetAsset.h">
      <Filter>Assets</Filter>
    </ClInclude>
    <ClInclude Include="InputManager.h">
      <Filter>Input</Filter>
    </ClInclude>
    <ClInclude Include="InputEnums.h">
      <Filter>Input</Filter>
    </ClInclude>
    <ClInclude Include="TextRenderer.h">
      <Filter>Rendering</Filter>
    </ClInclude>
    <ClInclude Include="FontAsset.h">
      <Filter>Assets</Filter>
    </ClInclude>
    <ClInclude Include="UserAsset.h">
      <Filter>Assets</Filter>
    </ClInclude>
    <ClInclude Include="Module.h">
      <Filter>Engine</Filter>
    </ClInclude>
    <ClInclude Include="UUID.h">
      <Filter>Engine</Filter>
    </ClInclude>
    <ClInclude Include="UIRenderer.h">
      <Filter>UI</Filter>
    </ClInclude>
    <ClInclude Include="UIRect.h">
      <Filter>UI</Filter>
    </ClInclude>
    <ClInclude Include="stdafx.h">
      <Filter>Export</Filter>
    </ClInclude>
    <ClInclude Include="UIComponent.h">
      <Filter>UI</Filter>
    </ClInclude>
    <ClInclude Include="UIEvent.h">
      <Filter>UI</Filter>
    </ClInclude>
    <ClInclude Include="UIContext.h">
      <Filter>UI</Filter>
    </ClInclude>
    <ClInclude Include="UITextBox.h">
      <Filter>UI\Components</Filter>
    </ClInclude>
    <ClInclude Include="UIButton.h">
      <Filter>UI\Components</Filter>
    </ClInclude>
    <ClInclude Include="UIPanel.h">
      <Filter>UI\Components</Filter>
    </ClInclude>
    <ClInclude Include="UIListBox.h">
      <Filter>UI\Components</Filter>
    </ClInclude>
    <ClInclude Include="UIScrollBar.h">
      <Filter>UI\Components</Filter>
    </ClInclude>
    <ClInclude Include="UIComboBox.h">
      <Filter>UI\Components</Filter>
    </ClInclude>
    <ClInclude Include="UICheckBox.h">
      <Filter>UI\Components</Filter>
    </ClInclude>
    <ClInclude Include="UITextureBox.h">
      <Filter>UI\Components</Filter>
    </ClInclude>
    <ClInclude Include="UITabControl.h">
      <Filter>UI\Components</Filter>
    </ClInclude>
    <ClInclude Include="UITreeView.h">
      <Filter>UI\Components</Filter>
    </ClInclude>
    <ClInclude Include="UILabel.h">
      <Filter>UI\Components</Filter>
    </ClInclude>
    <ClInclude Include="UIViewport.h">
      <Filter>UI\Components</Filter>
    </ClInclude>
    <ClInclude Include="CameraComponent.h">
      <Filter>Components\Camera</Filter>
    </ClInclude>
    <ClInclude Include="CameraUIRenderSystem.h">
      <Filter>Components\Camera</Filter>
    </ClInclude>
    <ClInclude Include="CameraViewportRenderSystem.h">
      <Filter>Components\Camera</Filter>
    </ClInclude>
    <ClInclude Include="LightComponent.h">
      <Filter>Components\Lighting</Filter>
    </ClInclude>
    <ClInclude Include="ShadowMapRenderSystem.h">
      <Filter>Components\Lighting</Filter>
    </ClInclude>
    <ClInclude Include="MeshComponent.h">
      <Filter>Components\Mesh</Filter>
    </ClInclude>
    <ClInclude Include="TransformComponent.h">
      <Filter>Components\Multipurpose</Filter>
    </ClInclude>
    <ClInclude Include="PostProcessRenderSystem.h">
      <Filter>Components\Camera</Filter>
    </ClInclude>
    <ClInclude Include="SkyboxComponent.h">
      <Filter>Components\Camera</Filter>
    </ClInclude>
    <ClInclude Include="PhysicsWorldSystem.h">
      <Filter>Components\Physics</Filter>
    </ClInclude>
    <ClInclude Include="PhysicsRigidBodySystem.h">
      <Filter>Components\Physics</Filter>
    </ClInclude>
    <ClInclude Include="PhysicsConstraintSystem.h">
      <Filter>Components\Physics</Filter>
    </ClInclude>
    <ClInclude Include="TerrainAsset.h">
      <Filter>Assets</Filter>
    </ClInclude>
    <ClInclude Include="MemoryAssetStream.h">
      <Filter>Assets</Filter>
    </ClInclude>
    <ClInclude Include="ResourceStreamingSystem.h">
      <Filter>Components\Terrain</Filter>
    </ClInclude>
    <ClInclude Include="TerrainStreamingSystem.h">
      <Filter>Components\Terrain</Filter>
    </ClInclude>
    <ClInclude Include="UIBorderedShader.glsl">
      <Filter>Shaders\UI</Filter>
    </ClInclude>
    <ClInclude Include="TextureStreamer.h">
      <Filter>Tools</Filter>
    </ClInclude>
    <ClInclude Include="WorkerManager.h">
      <Filter>Tools</Filter>
    </ClInclude>
  </ItemGroup>
  <ItemGroup>
    <None Include="cpp.hint" />
    <None Include="BloomPost.glsl">
      <Filter>Shaders\Post</Filter>
    </None>
    <None Include="ChromaticAbberationPost.glsl">
      <Filter>Shaders\Post</Filter>
    </None>
    <None Include="FxaaPost.glsl">
      <Filter>Shaders\Post</Filter>
    </None>
    <None Include="TonemappingPost.glsl">
      <Filter>Shaders\Post</Filter>
    </None>
    <None Include="CopyToSDR.glsl">
      <Filter>Shaders\Deferred</Filter>
    </None>
    <None Include="SimplePBRShader.glsl">
      <Filter>Shaders\Basic</Filter>
    </None>
    <None Include="SnowfallShader.glsl">
      <Filter>Shaders\Parent</Filter>
    </None>
    <None Include="Lighting.glsl">
      <Filter>Shaders\Lighting</Filter>
    </None>
    <None Include="FontRenderShader.glsl">
      <Filter>Shaders\UI</Filter>
    </None>
    <None Include="DeferredLighting.glsl">
      <Filter>Shaders\Lighting</Filter>
    </None>
    <None Include="UIRectangleShader.glsl">
      <Filter>Shaders\UI</Filter>
    </None>
    <None Include="TerrainShader.glsl">
      <Filter>Shaders\Parent</Filter>
    </None>
    <None Include="PostProcessShader.glsl">
      <Filter>Shaders\Parent</Filter>
    </None>
    <None Include="SkyboxShader.glsl">
      <Filter>Shaders\Basic</Filter>
    </None>
    <None Include="Utilities.glsl">
      <Filter>Shaders\Basic</Filter>
    </None>
    <None Include="SimpleTerrainShader.glsl">
      <Filter>Shaders\Basic</Filter>
    </None>
  </ItemGroup>
</Project>