<?xml version="1.0" encoding="utf-8"?>
<Project ToolsVersion="4.0" xmlns="http://schemas.microsoft.com/developer/msbuild/2003">
  <ItemGroup>
    <Filter Include="Export">
      <UniqueIdentifier>{12473e42-1cf1-425f-9219-2c7c5d1c4f84}</UniqueIdentifier>
    </Filter>
    <Filter Include="Engine">
      <UniqueIdentifier>{0c4fb68c-08d8-40df-81fc-689a0ad9f76a}</UniqueIdentifier>
    </Filter>
    <Filter Include="Engine\Assets">
      <UniqueIdentifier>{03dc5302-7384-4cf9-af98-46b302ff22e4}</UniqueIdentifier>
    </Filter>
    <Filter Include="Engine\ECS">
      <UniqueIdentifier>{dd65374c-fbd6-4333-85ff-fd9b6f7f649a}</UniqueIdentifier>
    </Filter>
    <Filter Include="Engine\Components">
      <UniqueIdentifier>{ed287b85-fe9a-4404-9c73-2295da66db06}</UniqueIdentifier>
    </Filter>
    <Filter Include="Geometry">
      <UniqueIdentifier>{06995b87-5214-4538-9657-9679c08d85db}</UniqueIdentifier>
    </Filter>
    <Filter Include="OpenGL">
      <UniqueIdentifier>{4c41ca37-f459-46a7-baab-b569e6b49680}</UniqueIdentifier>
    </Filter>
    <Filter Include="Physics">
      <UniqueIdentifier>{347abc65-dfc9-4795-b75b-2737dd36a5ff}</UniqueIdentifier>
    </Filter>
    <Filter Include="Rendering">
      <UniqueIdentifier>{a90febac-df4f-487b-a0de-d9f014477325}</UniqueIdentifier>
    </Filter>
    <Filter Include="Shaders">
      <UniqueIdentifier>{60417083-70d4-47fb-b2cc-2e7434fa00a6}</UniqueIdentifier>
    </Filter>
    <Filter Include="Tools">
      <UniqueIdentifier>{a74d0c81-9d58-480c-867f-7d659005b831}</UniqueIdentifier>
    </Filter>
  </ItemGroup>
  <ItemGroup>
    <ClCompile Include="dllmain.cpp">
      <Filter>Export</Filter>
    </ClCompile>
    <ClCompile Include="AssetManager.cpp">
      <Filter>Engine\Assets</Filter>
    </ClCompile>
    <ClCompile Include="BoundingBox.cpp">
      <Filter>Geometry</Filter>
    </ClCompile>
    <ClCompile Include="Buffer.cpp">
      <Filter>OpenGL</Filter>
    </ClCompile>
    <ClCompile Include="CameraComponent.cpp">
      <Filter>Engine\Components</Filter>
    </ClCompile>
    <ClCompile Include="CollisionShape.cpp">
      <Filter>Physics</Filter>
    </ClCompile>
    <ClCompile Include="CommandBuffer.cpp">
      <Filter>OpenGL</Filter>
    </ClCompile>
    <ClCompile Include="Component.cpp">
      <Filter>Engine\ECS</Filter>
    </ClCompile>
    <ClCompile Include="Entity.cpp">
      <Filter>Engine\ECS</Filter>
    </ClCompile>
    <ClCompile Include="Event.cpp">
      <Filter>Engine\ECS</Filter>
    </ClCompile>
    <ClCompile Include="Framebuffer.cpp">
      <Filter>OpenGL</Filter>
    </ClCompile>
    <ClCompile Include="Frustum.cpp">
      <Filter>Geometry</Filter>
    </ClCompile>
    <ClCompile Include="JobManager.cpp">
      <Filter>Tools</Filter>
    </ClCompile>
    <ClCompile Include="LinearAllocator.cpp">
      <Filter>Tools</Filter>
    </ClCompile>
    <ClCompile Include="LocalAssetStream.cpp">
      <Filter>Engine\Assets</Filter>
    </ClCompile>
    <ClCompile Include="MaterialAsset.cpp">
      <Filter>Engine\Assets</Filter>
    </ClCompile>
    <ClCompile Include="Mesh.cpp">
      <Filter>Rendering</Filter>
    </ClCompile>
    <ClCompile Include="MeshAsset.cpp">
      <Filter>Engine\Assets</Filter>
    </ClCompile>
    <ClCompile Include="MeshComponent.cpp">
      <Filter>Engine\Components</Filter>
    </ClCompile>
    <ClCompile Include="MeshManager.cpp">
      <Filter>Rendering</Filter>
    </ClCompile>
    <ClCompile Include="OcclusionQuery.cpp">
      <Filter>OpenGL</Filter>
    </ClCompile>
    <ClCompile Include="Pipeline.cpp">
      <Filter>OpenGL</Filter>
    </ClCompile>
    <ClCompile Include="PixelTransferrer.cpp">
      <Filter>Tools</Filter>
    </ClCompile>
    <ClCompile Include="Prototype.cpp">
      <Filter>Engine\ECS</Filter>
    </ClCompile>
    <ClCompile Include="Sampler.cpp">
      <Filter>OpenGL</Filter>
    </ClCompile>
    <ClCompile Include="Scene.cpp">
      <Filter>Engine\ECS</Filter>
    </ClCompile>
    <ClCompile Include="Shader.cpp">
      <Filter>OpenGL</Filter>
    </ClCompile>
    <ClCompile Include="ShaderAsset.cpp">
      <Filter>Engine\Assets</Filter>
    </ClCompile>
    <ClCompile Include="ShaderConstants.cpp">
      <Filter>OpenGL</Filter>
    </ClCompile>
    <ClCompile Include="ShaderDescriptor.cpp">
      <Filter>OpenGL</Filter>
    </ClCompile>
    <ClCompile Include="ShaderPreprocessor.cpp">
      <Filter>Tools</Filter>
    </ClCompile>
    <ClCompile Include="Snowfall.cpp">
      <Filter>Engine</Filter>
    </ClCompile>
    <ClCompile Include="VertexArray.cpp">
      <Filter>OpenGL</Filter>
    </ClCompile>
    <ClCompile Include="TransformComponent.cpp">
      <Filter>Engine\Components</Filter>
    </ClCompile>
    <ClCompile Include="TextureAsset.cpp">
      <Filter>Engine\Assets</Filter>
    </ClCompile>
    <ClCompile Include="SubmitBuffer.cpp">
      <Filter>Tools</Filter>
    </ClCompile>
    <ClCompile Include="Texture.cpp">
      <Filter>OpenGL</Filter>
    </ClCompile>
    <ClCompile Include="System.cpp">
      <Filter>Engine\ECS</Filter>
    </ClCompile>
    <ClCompile Include="RenderTargetAsset.cpp">
      <Filter>Engine\Assets</Filter>
    </ClCompile>
  </ItemGroup>
  <ItemGroup>
    <ClInclude Include="export.h">
      <Filter>Export</Filter>
    </ClInclude>
    <ClInclude Include="AssetManager.h">
      <Filter>Engine\Assets</Filter>
    </ClInclude>
    <ClInclude Include="BoundingBox.h">
      <Filter>Geometry</Filter>
    </ClInclude>
    <ClInclude Include="Buffer.h">
      <Filter>OpenGL</Filter>
    </ClInclude>
    <ClInclude Include="CameraComponent.h">
      <Filter>Engine\Components</Filter>
    </ClInclude>
    <ClInclude Include="CollisionShape.h">
      <Filter>Physics</Filter>
    </ClInclude>
    <ClInclude Include="CommandBuffer.h">
      <Filter>OpenGL</Filter>
    </ClInclude>
    <ClInclude Include="ECS.h">
      <Filter>Engine\ECS</Filter>
    </ClInclude>
    <ClInclude Include="Framebuffer.h">
      <Filter>OpenGL</Filter>
    </ClInclude>
    <ClInclude Include="Frustum.h">
      <Filter>Geometry</Filter>
    </ClInclude>
    <ClInclude Include="GLResource.h">
      <Filter>OpenGL</Filter>
    </ClInclude>
    <ClInclude Include="JobManager.h">
      <Filter>Tools</Filter>
    </ClInclude>
    <ClInclude Include="LinearAllocator.h">
      <Filter>Tools</Filter>
    </ClInclude>
    <ClInclude Include="LocalAssetStream.h">
      <Filter>Engine\Assets</Filter>
    </ClInclude>
    <ClInclude Include="Material.h">
      <Filter>Rendering</Filter>
    </ClInclude>
    <ClInclude Include="MaterialAsset.h">
      <Filter>Engine\Assets</Filter>
    </ClInclude>
    <ClInclude Include="Mesh.h">
      <Filter>Rendering</Filter>
    </ClInclude>
    <ClInclude Include="MeshAsset.h">
      <Filter>Engine\Assets</Filter>
    </ClInclude>
    <ClInclude Include="MeshComponent.h">
      <Filter>Engine\Components</Filter>
    </ClInclude>
    <ClInclude Include="MeshManager.h">
      <Filter>Rendering</Filter>
    </ClInclude>
    <ClInclude Include="NullStreamSource.h">
      <Filter>Engine\Assets</Filter>
    </ClInclude>
    <ClInclude Include="OcclusionQuery.h">
      <Filter>OpenGL</Filter>
    </ClInclude>
    <ClInclude Include="Pipeline.h">
      <Filter>OpenGL</Filter>
    </ClInclude>
    <ClInclude Include="PixelTransferrer.h">
      <Filter>Tools</Filter>
    </ClInclude>
    <ClInclude Include="Quad.h">
      <Filter>Geometry</Filter>
    </ClInclude>
    <ClInclude Include="Sampler.h">
      <Filter>OpenGL</Filter>
    </ClInclude>
    <ClInclude Include="Scene.h">
      <Filter>Engine\ECS</Filter>
    </ClInclude>
    <ClInclude Include="Shader.h">
      <Filter>OpenGL</Filter>
    </ClInclude>
    <ClInclude Include="ShaderAsset.h">
      <Filter>Engine\Assets</Filter>
    </ClInclude>
    <ClInclude Include="ShaderConstants.h">
      <Filter>OpenGL</Filter>
    </ClInclude>
    <ClInclude Include="ShaderDescriptor.h">
      <Filter>OpenGL</Filter>
    </ClInclude>
    <ClInclude Include="ShaderPreprocessor.h">
      <Filter>Tools</Filter>
    </ClInclude>
    <ClInclude Include="Snowfall.h">
      <Filter>Engine</Filter>
    </ClInclude>
    <ClInclude Include="VertexArray.h">
      <Filter>OpenGL</Filter>
    </ClInclude>
    <ClInclude Include="TransformComponent.h">
      <Filter>Engine\Components</Filter>
    </ClInclude>
    <ClInclude Include="TextureAsset.h">
      <Filter>Engine\Assets</Filter>
    </ClInclude>
    <ClInclude Include="SubmitBuffer.h">
      <Filter>Tools</Filter>
    </ClInclude>
    <ClInclude Include="Texture.h">
      <Filter>OpenGL</Filter>
    </ClInclude>
    <ClInclude Include="RenderTargetAsset.h">
      <Filter>Engine\Assets</Filter>
    </ClInclude>
  </ItemGroup>
  <ItemGroup>
    <None Include="Lighting.glsl">
      <Filter>Shaders</Filter>
    </None>
    <None Include="SimplePBRShader.glsl">
      <Filter>Shaders</Filter>
    </None>
    <None Include="SnowfallShader.glsl">
      <Filter>Shaders</Filter>
    </None>
  </ItemGroup>
</Project>